
Microsoft Visual Studio Solution File, Format Version 11.00
# Visual Studio 2010
Project("{FAE04EC0-301F-11D3-BF4B-00C04F79EFBC}") = "quickge.tt", "quickge.tt\quickge.tt.csproj", "{89A306E9-2E40-4119-B4A2-D41F2AACA39A}"
EndProject
Project("{2150E333-8FDC-42A3-9474-1A3956D46DE8}") = "Solution Items", "Solution Items", "{AD76F7AF-BE5E-40C5-8A0A-B09DEF2F8A86}"
	ProjectSection(SolutionItems) = preProject
		Local.testsettings = Local.testsettings
		quickge.tt.vsmdi = quickge.tt.vsmdi
		TraceAndTestImpact.testsettings = TraceAndTestImpact.testsettings
	EndProjectSection
EndProject
Global
	GlobalSection(TestCaseManagementSettings) = postSolution
		CategoryFile = quickge.tt.vsmdi
	EndGlobalSection
	GlobalSection(SolutionConfigurationPlatforms) = preSolution
		Debug|Any CPU = Debug|Any CPU
		Debug|Mixed Platforms = Debug|Mixed Platforms
		Debug|x86 = Debug|x86
		Release|Any CPU = Release|Any CPU
		Release|Mixed Platforms = Release|Mixed Platforms
		Release|x86 = Release|x86
	EndGlobalSection
	GlobalSection(ProjectConfigurationPlatforms) = postSolution
		{89A306E9-2E40-4119-B4A2-D41F2AACA39A}.Debug|Any CPU.ActiveCfg = Debug|x86
		{89A306E9-2E40-4119-B4A2-D41F2AACA39A}.Debug|Mixed Platforms.ActiveCfg = Debug|x86
		{89A306E9-2E40-4119-B4A2-D41F2AACA39A}.Debug|Mixed Platforms.Build.0 = Debug|x86
		{89A306E9-2E40-4119-B4A2-D41F2AACA39A}.Debug|x86.ActiveCfg = Debug|x86
		{89A306E9-2E40-4119-B4A2-D41F2AACA39A}.Debug|x86.Build.0 = Debug|x86
		{89A306E9-2E40-4119-B4A2-D41F2AACA39A}.Release|Any CPU.ActiveCfg = Release|x86
		{89A306E9-2E40-4119-B4A2-D41F2AACA39A}.Release|Mixed Platforms.ActiveCfg = Debug|x86
		{89A306E9-2E40-4119-B4A2-D41F2AACA39A}.Release|Mixed Platforms.Build.0 = Debug|x86
		{89A306E9-2E40-4119-B4A2-D41F2AACA39A}.Release|x86.ActiveCfg = Release|x86
		{89A306E9-2E40-4119-B4A2-D41F2AACA39A}.Release|x86.Build.0 = Release|x86
	EndGlobalSection
	GlobalSection(SolutionProperties) = preSolution
		HideSolutionNode = FALSE
	EndGlobalSection
EndGlobal
